{
  "requires": true,
  "lockfileVersion": 1,
  "dependencies": {
    "@angular/animations": {
      "version": "8.0.0",
      "resolved": "https://registry.npmjs.org/@angular/animations/-/animations-8.0.0.tgz",
      "integrity": "sha512-hggSRi83rmocLwzrKZtmFcqPdivKSJqp2yiYaiNmJ2yQWJ1JW/Lurypv9H347RWxmwCCwC2kV8embTGbOXIFDQ==",
      "requires": {
        "tslib": "^1.9.0"
      }
    },
    "tslib": {
      "version": "1.9.3",
      "resolved": "https://registry.npmjs.org/tslib/-/tslib-1.9.3.tgz",
      "integrity": "sha512-4krF8scpejhaOgqzBEcGM7yDIEfi0/8+8zDRZhNZZ2kjmHJ4hv3zCbQWxoJGz1iw5U0Jl0nma13xzHXcncMavQ=="
    }
  }
}
